// !$*UTF8*$!
{
	archiveVersion = 1;
	classes = {
	};
	objectVersion = 50;
	objects = {

/* Begin PBXBuildFile section */
		BDAF00AA25BE6775001D44C9 /* AppDelegate.swift in Sources */ = {isa = PBXBuildFile; fileRef = BDAF00A925BE6775001D44C9 /* AppDelegate.swift */; };
		BDAF00AC25BE6775001D44C9 /* SceneDelegate.swift in Sources */ = {isa = PBXBuildFile; fileRef = BDAF00AB25BE6775001D44C9 /* SceneDelegate.swift */; };
		BDAF00AE25BE6775001D44C9 /* ViewController.swift in Sources */ = {isa = PBXBuildFile; fileRef = BDAF00AD25BE6775001D44C9 /* ViewController.swift */; };
		BDAF00B125BE6775001D44C9 /* Main.storyboard in Resources */ = {isa = PBXBuildFile; fileRef = BDAF00AF25BE6775001D44C9 /* Main.storyboard */; };
		BDAF00B325BE6775001D44C9 /* Assets.xcassets in Resources */ = {isa = PBXBuildFile; fileRef = BDAF00B225BE6775001D44C9 /* Assets.xcassets */; };
		BDAF00B625BE6775001D44C9 /* LaunchScreen.storyboard in Resources */ = {isa = PBXBuildFile; fileRef = BDAF00B425BE6775001D44C9 /* LaunchScreen.storyboard */; };
		BDAF00C125BE6775001D44C9 /* Tip_CalculatorTests.swift in Sources */ = {isa = PBXBuildFile; fileRef = BDAF00C025BE6775001D44C9 /* Tip_CalculatorTests.swift */; };
		BDAF00CC25BE6776001D44C9 /* Tip_CalculatorUITests.swift in Sources */ = {isa = PBXBuildFile; fileRef = BDAF00CB25BE6776001D44C9 /* Tip_CalculatorUITests.swift */; };
/* End PBXBuildFile section */

/* Begin PBXContainerItemProxy section */
		BDAF00BD25BE6775001D44C9 /* PBXContainerItemProxy */ = {
			isa = PBXContainerItemProxy;
			containerPortal = BDAF009E25BE6775001D44C9 /* Project object */;
			proxyType = 1;
			remoteGlobalIDString = BDAF00A525BE6775001D44C9;
			remoteInfo = "Tip Calculator";
		};
		BDAF00C825BE6776001D44C9 /* PBXContainerItemProxy */ = {
			isa = PBXContainerItemProxy;
			containerPortal = BDAF009E25BE6775001D44C9 /* Project object */;
			proxyType = 1;
			remoteGlobalIDString = BDAF00A525BE6775001D44C9;
			remoteInfo = "Tip Calculator";
		};
/* End PBXContainerItemProxy section */

/* Begin PBXFileReference section */
		BDAF00A625BE6775001D44C9 /* Tip Calculator.app */ = {isa = PBXFileReference; explicitFileType = wrapper.application; includeInIndex = 0; path = "Tip Calculator.app"; sourceTree = BUILT_PRODUCTS_DIR; };
		BDAF00A925BE6775001D44C9 /* AppDelegate.swift */ = {isa = PBXFileReference; lastKnownFileType = sourcecode.swift; path = AppDelegate.swift; sourceTree = "<group>"; };
		BDAF00AB25BE6775001D44C9 /* SceneDelegate.swift */ = {isa = PBXFileReference; lastKnownFileType = sourcecode.swift; path = SceneDelegate.swift; sourceTree = "<group>"; };
		BDAF00AD25BE6775001D44C9 /* ViewController.swift */ = {isa = PBXFileReference; lastKnownFileType = sourcecode.swift; path = ViewController.swift; sourceTree = "<group>"; };
		BDAF00B025BE6775001D44C9 /* Base */ = {isa = PBXFileReference; lastKnownFileType = file.storyboard; name = Base; path = Base.lproj/Main.storyboard; sourceTree = "<group>"; };
		BDAF00B225BE6775001D44C9 /* Assets.xcassets */ = {isa = PBXFileReference; lastKnownFileType = folder.assetcatalog; path = Assets.xcassets; sourceTree = "<group>"; };
		BDAF00B525BE6775001D44C9 /* Base */ = {isa = PBXFileReference; lastKnownFileType = file.storyboard; name = Base; path = Base.lproj/LaunchScreen.storyboard; sourceTree = "<group>"; };
		BDAF00B725BE6775001D44C9 /* Info.plist */ = {isa = PBXFileReference; lastKnownFileType = text.plist.xml; path = Info.plist; sourceTree = "<group>"; };
		BDAF00BC25BE6775001D44C9 /* Tip CalculatorTests.xctest */ = {isa = PBXFileReference; explicitFileType = wrapper.cfbundle; includeInIndex = 0; path = "Tip CalculatorTests.xctest"; sourceTree = BUILT_PRODUCTS_DIR; };
		BDAF00C025BE6775001D44C9 /* Tip_CalculatorTests.swift */ = {isa = PBXFileReference; lastKnownFileType = sourcecode.swift; path = Tip_CalculatorTests.swift; sourceTree = "<group>"; };
		BDAF00C225BE6775001D44C9 /* Info.plist */ = {isa = PBXFileReference; lastKnownFileType = text.plist.xml; path = Info.plist; sourceTree = "<group>"; };
		BDAF00C725BE6776001D44C9 /* Tip CalculatorUITests.xctest */ = {isa = PBXFileReference; explicitFileType = wrapper.cfbundle; includeInIndex = 0; path = "Tip CalculatorUITests.xctest"; sourceTree = BUILT_PRODUCTS_DIR; };
		BDAF00CB25BE6776001D44C9 /* Tip_CalculatorUITests.swift */ = {isa = PBXFileReference; lastKnownFileType = sourcecode.swift; path = Tip_CalculatorUITests.swift; sourceTree = "<group>"; };
		BDAF00CD25BE6776001D44C9 /* Info.plist */ = {isa = PBXFileReference; lastKnownFileType = text.plist.xml; path = Info.plist; sourceTree = "<group>"; };
/* End PBXFileReference section */

/* Begin PBXFrameworksBuildPhase section */
		BDAF00A325BE6775001D44C9 /* Frameworks */ = {
			isa = PBXFrameworksBuildPhase;
			buildActionMask = 2147483647;
			files = (
			);
			runOnlyForDeploymentPostprocessing = 0;
		};
		BDAF00B925BE6775001D44C9 /* Frameworks */ = {
			isa = PBXFrameworksBuildPhase;
			buildActionMask = 2147483647;
			files = (
			);
			runOnlyForDeploymentPostprocessing = 0;
		};
		BDAF00C425BE6776001D44C9 /* Frameworks */ = {
			isa = PBXFrameworksBuildPhase;
			buildActionMask = 2147483647;
			files = (
			);
			runOnlyForDeploymentPostprocessing = 0;
		};
/* End PBXFrameworksBuildPhase section */

/* Begin PBXGroup section */
		BDAF009D25BE6775001D44C9 = {
			isa = PBXGroup;
			children = (
				BDAF00A825BE6775001D44C9 /* Tip Calculator */,
				BDAF00BF25BE6775001D44C9 /* Tip CalculatorTests */,
				BDAF00CA25BE6776001D44C9 /* Tip CalculatorUITests */,
				BDAF00A725BE6775001D44C9 /* Products */,
			);
			sourceTree = "<group>";
		};
		BDAF00A725BE6775001D44C9 /* Products */ = {
			isa = PBXGroup;
			children = (
				BDAF00A625BE6775001D44C9 /* Tip Calculator.app */,
				BDAF00BC25BE6775001D44C9 /* Tip CalculatorTests.xctest */,
				BDAF00C725BE6776001D44C9 /* Tip CalculatorUITests.xctest */,
			);
			name = Products;
			sourceTree = "<group>";
		};
		BDAF00A825BE6775001D44C9 /* Tip Calculator */ = {
			isa = PBXGroup;
			children = (
				BDAF00A925BE6775001D44C9 /* AppDelegate.swift */,
				BDAF00AB25BE6775001D44C9 /* SceneDelegate.swift */,
				BDAF00AD25BE6775001D44C9 /* ViewController.swift */,
				BDAF00AF25BE6775001D44C9 /* Main.storyboard */,
				BDAF00B225BE6775001D44C9 /* Assets.xcassets */,
				BDAF00B425BE6775001D44C9 /* LaunchScreen.storyboard */,
				BDAF00B725BE6775001D44C9 /* Info.plist */,
			);
			path = "Tip Calculator";
			sourceTree = "<group>";
		};
		BDAF00BF25BE6775001D44C9 /* Tip CalculatorTests */ = {
			isa = PBXGroup;
			children = (
				BDAF00C025BE6775001D44C9 /* Tip_CalculatorTests.swift */,
				BDAF00C225BE6775001D44C9 /* Info.plist */,
			);
			path = "Tip CalculatorTests";
			sourceTree = "<group>";
		};
		BDAF00CA25BE6776001D44C9 /* Tip CalculatorUITests */ = {
			isa = PBXGroup;
			children = (
				BDAF00CB25BE6776001D44C9 /* Tip_CalculatorUITests.swift */,
				BDAF00CD25BE6776001D44C9 /* Info.plist */,
			);
			path = "Tip CalculatorUITests";
			sourceTree = "<group>";
		};
/* End PBXGroup section */

/* Begin PBXNativeTarget section */
		BDAF00A525BE6775001D44C9 /* Tip Calculator */ = {
			isa = PBXNativeTarget;
			buildConfigurationList = BDAF00D025BE6776001D44C9 /* Build configuration list for PBXNativeTarget "Tip Calculator" */;
			buildPhases = (
				BDAF00A225BE6775001D44C9 /* Sources */,
				BDAF00A325BE6775001D44C9 /* Frameworks */,
				BDAF00A425BE6775001D44C9 /* Resources */,
			);
			buildRules = (
			);
			dependencies = (
			);
			name = "Tip Calculator";
			productName = "Tip Calculator";
			productReference = BDAF00A625BE6775001D44C9 /* Tip Calculator.app */;
			productType = "com.apple.product-type.application";
		};
		BDAF00BB25BE6775001D44C9 /* Tip CalculatorTests */ = {
			isa = PBXNativeTarget;
			buildConfigurationList = BDAF00D325BE6776001D44C9 /* Build configuration list for PBXNativeTarget "Tip CalculatorTests" */;
			buildPhases = (
				BDAF00B825BE6775001D44C9 /* Sources */,
				BDAF00B925BE6775001D44C9 /* Frameworks */,
				BDAF00BA25BE6775001D44C9 /* Resources */,
			);
			buildRules = (
			);
			dependencies = (
				BDAF00BE25BE6775001D44C9 /* PBXTargetDependency */,
			);
			name = "Tip CalculatorTests";
			productName = "Tip CalculatorTests";
			productReference = BDAF00BC25BE6775001D44C9 /* Tip CalculatorTests.xctest */;
			productType = "com.apple.product-type.bundle.unit-test";
		};
		BDAF00C625BE6776001D44C9 /* Tip CalculatorUITests */ = {
			isa = PBXNativeTarget;
			buildConfigurationList = BDAF00D625BE6776001D44C9 /* Build configuration list for PBXNativeTarget "Tip CalculatorUITests" */;
			buildPhases = (
				BDAF00C325BE6776001D44C9 /* Sources */,
				BDAF00C425BE6776001D44C9 /* Frameworks */,
				BDAF00C525BE6776001D44C9 /* Resources */,
			);
			buildRules = (
			);
			dependencies = (
				BDAF00C925BE6776001D44C9 /* PBXTargetDependency */,
			);
			name = "Tip CalculatorUITests";
			productName = "Tip CalculatorUITests";
			productReference = BDAF00C725BE6776001D44C9 /* Tip CalculatorUITests.xctest */;
			productType = "com.apple.product-type.bundle.ui-testing";
		};
/* End PBXNativeTarget section */

/* Begin PBXProject section */
		BDAF009E25BE6775001D44C9 /* Project object */ = {
			isa = PBXProject;
			attributes = {
				LastSwiftUpdateCheck = 1230;
				LastUpgradeCheck = 1230;
				TargetAttributes = {
					BDAF00A525BE6775001D44C9 = {
						CreatedOnToolsVersion = 12.3;
					};
					BDAF00BB25BE6775001D44C9 = {
						CreatedOnToolsVersion = 12.3;
						TestTargetID = BDAF00A525BE6775001D44C9;
					};
					BDAF00C625BE6776001D44C9 = {
						CreatedOnToolsVersion = 12.3;
						TestTargetID = BDAF00A525BE6775001D44C9;
					};
				};
			};
			buildConfigurationList = BDAF00A125BE6775001D44C9 /* Build configuration list for PBXProject "Tip Calculator" */;
			compatibilityVersion = "Xcode 9.3";
			developmentRegion = en;
			hasScannedForEncodings = 0;
			knownRegions = (
				en,
				Base,
			);
			mainGroup = BDAF009D25BE6775001D44C9;
			productRefGroup = BDAF00A725BE6775001D44C9 /* Products */;
			projectDirPath = "";
			projectRoot = "";
			targets = (
				BDAF00A525BE6775001D44C9 /* Tip Calculator */,
				BDAF00BB25BE6775001D44C9 /* Tip CalculatorTests */,
				BDAF00C625BE6776001D44C9 /* Tip CalculatorUITests */,
			);
		};
/* End PBXProject section */

/* Begin PBXResourcesBuildPhase section */
		BDAF00A425BE6775001D44C9 /* Resources */ = {
			isa = PBXResourcesBuildPhase;
			buildActionMask = 2147483647;
			files = (
				BDAF00B625BE6775001D44C9 /* LaunchScreen.storyboard in Resources */,
				BDAF00B325BE6775001D44C9 /* Assets.xcassets in Resources */,
				BDAF00B125BE6775001D44C9 /* Main.storyboard in Resources */,
			);
			runOnlyForDeploymentPostprocessing = 0;
		};
		BDAF00BA25BE6775001D44C9 /* Resources */ = {
			isa = PBXResourcesBuildPhase;
			buildActionMask = 2147483647;
			files = (
			);
			runOnlyForDeploymentPostprocessing = 0;
		};
		BDAF00C525BE6776001D44C9 /* Resources */ = {
			isa = PBXResourcesBuildPhase;
			buildActionMask = 2147483647;
			files = (
			);
			runOnlyForDeploymentPostprocessing = 0;
		};
/* End PBXResourcesBuildPhase section */

/* Begin PBXSourcesBuildPhase section */
		BDAF00A225BE6775001D44C9 /* Sources */ = {
			isa = PBXSourcesBuildPhase;
			buildActionMask = 2147483647;
			files = (
				BDAF00AE25BE6775001D44C9 /* ViewController.swift in Sources */,
				BDAF00AA25BE6775001D44C9 /* AppDelegate.swift in Sources */,
				BDAF00AC25BE6775001D44C9 /* SceneDelegate.swift in Sources */,
			);
			runOnlyForDeploymentPostprocessing = 0;
		};
		BDAF00B825BE6775001D44C9 /* Sources */ = {
			isa = PBXSourcesBuildPhase;
			buildActionMask = 2147483647;
			files = (
				BDAF00C125BE6775001D44C9 /* Tip_CalculatorTests.swift in Sources */,
			);
			runOnlyForDeploymentPostprocessing = 0;
		};
		BDAF00C325BE6776001D44C9 /* Sources */ = {
			isa = PBXSourcesBuildPhase;
			buildActionMask = 2147483647;
			files = (
				BDAF00CC25BE6776001D44C9 /* Tip_CalculatorUITests.swift in Sources */,
			);
			runOnlyForDeploymentPostprocessing = 0;
		};
/* End PBXSourcesBuildPhase section */

/* Begin PBXTargetDependency section */
		BDAF00BE25BE6775001D44C9 /* PBXTargetDependency */ = {
			isa = PBXTargetDependency;
			target = BDAF00A525BE6775001D44C9 /* Tip Calculator */;
			targetProxy = BDAF00BD25BE6775001D44C9 /* PBXContainerItemProxy */;
		};
		BDAF00C925BE6776001D44C9 /* PBXTargetDependency */ = {
			isa = PBXTargetDependency;
			target = BDAF00A525BE6775001D44C9 /* Tip Calculator */;
			targetProxy = BDAF00C825BE6776001D44C9 /* PBXContainerItemProxy */;
		};
/* End PBXTargetDependency section */

/* Begin PBXVariantGroup section */
		BDAF00AF25BE6775001D44C9 /* Main.storyboard */ = {
			isa = PBXVariantGroup;
			children = (
				BDAF00B025BE6775001D44C9 /* Base */,
			);
			name = Main.storyboard;
			sourceTree = "<group>";
		};
		BDAF00B425BE6775001D44C9 /* LaunchScreen.storyboard */ = {
			isa = PBXVariantGroup;
			children = (
				BDAF00B525BE6775001D44C9 /* Base */,
			);
			name = LaunchScreen.storyboard;
			sourceTree = "<group>";
		};
/* End PBXVariantGroup section */

/* Begin XCBuildConfiguration section */
		BDAF00CE25BE6776001D44C9 /* Debug */ = {
			isa = XCBuildConfiguration;
			buildSettings = {
				ALWAYS_SEARCH_USER_PATHS = NO;
				CLANG_ANALYZER_NONNULL = YES;
				CLANG_ANALYZER_NUMBER_OBJECT_CONVERSION = YES_AGGRESSIVE;
				CLANG_CXX_LANGUAGE_STANDARD = "gnu++14";
				CLANG_CXX_LIBRARY = "libc++";
				CLANG_ENABLE_MODULES = YES;
				CLANG_ENABLE_OBJC_ARC = YES;
				CLANG_ENABLE_OBJC_WEAK = YES;
				CLANG_WARN_BLOCK_CAPTURE_AUTORELEASING = YES;
				CLANG_WARN_BOOL_CONVERSION = YES;
				CLANG_WARN_COMMA = YES;
				CLANG_WARN_CONSTANT_CONVERSION = YES;
				CLANG_WARN_DEPRECATED_OBJC_IMPLEMENTATIONS = YES;
				CLANG_WARN_DIRECT_OBJC_ISA_USAGE = YES_ERROR;
				CLANG_WARN_DOCUMENTATION_COMMENTS = YES;
				CLANG_WARN_EMPTY_BODY = YES;
				CLANG_WARN_ENUM_CONVERSION = YES;
				CLANG_WARN_INFINITE_RECURSION = YES;
				CLANG_WARN_INT_CONVERSION = YES;
				CLANG_WARN_NON_LITERAL_NULL_CONVERSION = YES;
				CLANG_WARN_OBJC_IMPLICIT_RETAIN_SELF = YES;
				CLANG_WARN_OBJC_LITERAL_CONVERSION = YES;
				CLANG_WARN_OBJC_ROOT_CLASS = YES_ERROR;
				CLANG_WARN_QUOTED_INCLUDE_IN_FRAMEWORK_HEADER = YES;
				CLANG_WARN_RANGE_LOOP_ANALYSIS = YES;
				CLANG_WARN_STRICT_PROTOTYPES = YES;
				CLANG_WARN_SUSPICIOUS_MOVE = YES;
				CLANG_WARN_UNGUARDED_AVAILABILITY = YES_AGGRESSIVE;
				CLANG_WARN_UNREACHABLE_CODE = YES;
				CLANG_WARN__DUPLICATE_METHOD_MATCH = YES;
				COPY_PHASE_STRIP = NO;
				DEBUG_INFORMATION_FORMAT = dwarf;
				ENABLE_STRICT_OBJC_MSGSEND = YES;
				ENABLE_TESTABILITY = YES;
				GCC_C_LANGUAGE_STANDARD = gnu11;
				GCC_DYNAMIC_NO_PIC = NO;
				GCC_NO_COMMON_BLOCKS = YES;
				GCC_OPTIMIZATION_LEVEL = 0;
				GCC_PREPROCESSOR_DEFINITIONS = (
					"DEBUG=1",
					"$(inherited)",
				);
				GCC_WARN_64_TO_32_BIT_CONVERSION = YES;
				GCC_WARN_ABOUT_RETURN_TYPE = YES_ERROR;
				GCC_WARN_UNDECLARED_SELECTOR = YES;
				GCC_WARN_UNINITIALIZED_AUTOS = YES_AGGRESSIVE;
				GCC_WARN_UNUSED_FUNCTION = YES;
				GCC_WARN_UNUSED_VARIABLE = YES;
				IPHONEOS_DEPLOYMENT_TARGET = 14.3;
				MTL_ENABLE_DEBUG_INFO = INCLUDE_SOURCE;
				MTL_FAST_MATH = YES;
				ONLY_ACTIVE_ARCH = YES;
				SDKROOT = iphoneos;
				SWIFT_ACTIVE_COMPILATION_CONDITIONS = DEBUG;
				SWIFT_OPTIMIZATION_LEVEL = "-Onone";
			};
			name = Debug;
		};
		BDAF00CF25BE6776001D44C9 /* Release */ = {
			isa = XCBuildConfiguration;
			buildSettings = {
				ALWAYS_SEARCH_USER_PATHS = NO;
				CLANG_ANALYZER_NONNULL = YES;
				CLANG_ANALYZER_NUMBER_OBJECT_CONVERSION = YES_AGGRESSIVE;
				CLANG_CXX_LANGUAGE_STANDARD = "gnu++14";
				CLANG_CXX_LIBRARY = "libc++";
				CLANG_ENABLE_MODULES = YES;
				CLANG_ENABLE_OBJC_ARC = YES;
				CLANG_ENABLE_OBJC_WEAK = YES;
				CLANG_WARN_BLOCK_CAPTURE_AUTORELEASING = YES;
				CLANG_WARN_BOOL_CONVERSION = YES;
				CLANG_WARN_COMMA = YES;
				CLANG_WARN_CONSTANT_CONVERSION = YES;
				CLANG_WARN_DEPRECATED_OBJC_IMPLEMENTATIONS = YES;
				CLANG_WARN_DIRECT_OBJC_ISA_USAGE = YES_ERROR;
				CLANG_WARN_DOCUMENTATION_COMMENTS = YES;
				CLANG_WARN_EMPTY_BODY = YES;
				CLANG_WARN_ENUM_CONVERSION = YES;
				CLANG_WARN_INFINITE_RECURSION = YES;
				CLANG_WARN_INT_CONVERSION = YES;
				CLANG_WARN_NON_LITERAL_NULL_CONVERSION = YES;
				CLANG_WARN_OBJC_IMPLICIT_RETAIN_SELF = YES;
				CLANG_WARN_OBJC_LITERAL_CONVERSION = YES;
				CLANG_WARN_OBJC_ROOT_CLASS = YES_ERROR;
				CLANG_WARN_QUOTED_INCLUDE_IN_FRAMEWORK_HEADER = YES;
				CLANG_WARN_RANGE_LOOP_ANALYSIS = YES;
				CLANG_WARN_STRICT_PROTOTYPES = YES;
				CLANG_WARN_SUSPICIOUS_MOVE = YES;
				CLANG_WARN_UNGUARDED_AVAILABILITY = YES_AGGRESSIVE;
				CLANG_WARN_UNREACHABLE_CODE = YES;
				CLANG_WARN__DUPLICATE_METHOD_MATCH = YES;
				COPY_PHASE_STRIP = NO;
				DEBUG_INFORMATION_FORMAT = "dwarf-with-dsym";
				ENABLE_NS_ASSERTIONS = NO;
				ENABLE_STRICT_OBJC_MSGSEND = YES;
				GCC_C_LANGUAGE_STANDARD = gnu11;
				GCC_NO_COMMON_BLOCKS = YES;
				GCC_WARN_64_TO_32_BIT_CONVERSION = YES;
				GCC_WARN_ABOUT_RETURN_TYPE = YES_ERROR;
				GCC_WARN_UNDECLARED_SELECTOR = YES;
				GCC_WARN_UNINITIALIZED_AUTOS = YES_AGGRESSIVE;
				GCC_WARN_UNUSED_FUNCTION = YES;
				GCC_WARN_UNUSED_VARIABLE = YES;
				IPHONEOS_DEPLOYMENT_TARGET = 14.3;
				MTL_ENABLE_DEBUG_INFO = NO;
				MTL_FAST_MATH = YES;
				SDKROOT = iphoneos;
				SWIFT_COMPILATION_MODE = wholemodule;
				SWIFT_OPTIMIZATION_LEVEL = "-O";
				VALIDATE_PRODUCT = YES;
			};
			name = Release;
		};
		BDAF00D125BE6776001D44C9 /* Debug */ = {
			isa = XCBuildConfiguration;
			buildSettings = {
				ASSETCATALOG_COMPILER_APPICON_NAME = AppIcon;
				ASSETCATALOG_COMPILER_GLOBAL_ACCENT_COLOR_NAME = AccentColor;
				CODE_SIGN_STYLE = Automatic;
				DEVELOPMENT_TEAM = 9LA726623Q;
				INFOPLIST_FILE = "Tip Calculator/Info.plist";
				LD_RUNPATH_SEARCH_PATHS = (
					"$(inherited)",
					"@executable_path/Frameworks",
				);
				PRODUCT_BUNDLE_IDENTIFIER = "memo.com.Tip-Calculator";
				PRODUCT_NAME = "$(TARGET_NAME)";
				SWIFT_VERSION = 5.0;
				TARGETED_DEVICE_FAMILY = "1,2";
			};
			name = Debug;
		};
		BDAF00D225BE6776001D44C9 /* Release */ = {
			isa = XCBuildConfiguration;
			buildSettings = {
				ASSETCATALOG_COMPILER_APPICON_NAME = AppIcon;
				ASSETCATALOG_COMPILER_GLOBAL_ACCENT_COLOR_NAME = AccentColor;
				CODE_SIGN_STYLE = Automatic;
				DEVELOPMENT_TEAM = 9LA726623Q;
				INFOPLIST_FILE = "Tip Calculator/Info.plist";
				LD_RUNPATH_SEARCH_PATHS = (
					"$(inherited)",
					"@executable_path/Frameworks",
				);
				PRODUCT_BUNDLE_IDENTIFIER = "memo.com.Tip-Calculator";
				PRODUCT_NAME = "$(TARGET_NAME)";
				SWIFT_VERSION = 5.0;
				TARGETED_DEVICE_FAMILY = "1,2";
			};
			name = Release;
		};
		BDAF00D425BE6776001D44C9 /* Debug */ = {
			isa = XCBuildConfiguration;
			buildSettings = {
				ALWAYS_EMBED_SWIFT_STANDARD_LIBRARIES = YES;
				BUNDLE_LOADER = "$(TEST_HOST)";
				CODE_SIGN_STYLE = Automatic;
				DEVELOPMENT_TEAM = 9LA726623Q;
				INFOPLIST_FILE = "Tip CalculatorTests/Info.plist";
				IPHONEOS_DEPLOYMENT_TARGET = 14.3;
				LD_RUNPATH_SEARCH_PATHS = (
					"$(inherited)",
					"@executable_path/Frameworks",
					"@loader_path/Frameworks",
				);
				PRODUCT_BUNDLE_IDENTIFIER = "memo.com.Tip-CalculatorTests";
				PRODUCT_NAME = "$(TARGET_NAME)";
				SWIFT_VERSION = 5.0;
				TARGETED_DEVICE_FAMILY = "1,2";
				TEST_HOST = "$(BUILT_PRODUCTS_DIR)/Tip Calculator.app/Tip Calculator";
			};
			name = Debug;
		};
		BDAF00D525BE6776001D44C9 /* Release */ = {
			isa = XCBuildConfiguration;
			buildSettings = {
				ALWAYS_EMBED_SWIFT_STANDARD_LIBRARIES = YES;
				BUNDLE_LOADER = "$(TEST_HOST)";
				CODE_SIGN_STYLE = Automatic;
				DEVELOPMENT_TEAM = 9LA726623Q;
				INFOPLIST_FILE = "Tip CalculatorTests/Info.plist";
				IPHONEOS_DEPLOYMENT_TARGET = 14.3;
				LD_RUNPATH_SEARCH_PATHS = (
					"$(inherited)",
					"@executable_path/Frameworks",
					"@loader_path/Frameworks",
				);
				PRODUCT_BUNDLE_IDENTIFIER = "memo.com.Tip-CalculatorTests";
				PRODUCT_NAME = "$(TARGET_NAME)";
				SWIFT_VERSION = 5.0;
				TARGETED_DEVICE_FAMILY = "1,2";
				TEST_HOST = "$(BUILT_PRODUCTS_DIR)/Tip Calculator.app/Tip Calculator";
			};
			name = Release;
		};
		BDAF00D725BE6776001D44C9 /* Debug */ = {
			isa = XCBuildConfiguration;
			buildSettings = {
				ALWAYS_EMBED_SWIFT_STANDARD_LIBRARIES = YES;
				CODE_SIGN_STYLE = Automatic;
				DEVELOPMENT_TEAM = 9LA726623Q;
				INFOPLIST_FILE = "Tip CalculatorUITests/Info.plist";
				LD_RUNPATH_SEARCH_PATHS = (
					"$(inherited)",
					"@executable_path/Frameworks",
					"@loader_path/Frameworks",
				);
				PRODUCT_BUNDLE_IDENTIFIER = "memo.com.Tip-CalculatorUITests";
				PRODUCT_NAME = "$(TARGET_NAME)";
				SWIFT_VERSION = 5.0;
				TARGETED_DEVICE_FAMILY = "1,2";
				TEST_TARGET_NAME = "Tip Calculator";
			};
			name = Debug;
		};
		BDAF00D825BE6776001D44C9 /* Release */ = {
			isa = XCBuildConfiguration;
			buildSettings = {
				ALWAYS_EMBED_SWIFT_STANDARD_LIBRARIES = YES;
				CODE_SIGN_STYLE = Automatic;
				DEVELOPMENT_TEAM = 9LA726623Q;
				INFOPLIST_FILE = "Tip CalculatorUITests/Info.plist";
				LD_RUNPATH_SEARCH_PATHS = (
					"$(inherited)",
					"@executable_path/Frameworks",
					"@loader_path/Frameworks",
				);
				PRODUCT_BUNDLE_IDENTIFIER = "memo.com.Tip-CalculatorUITests";
				PRODUCT_NAME = "$(TARGET_NAME)";
				SWIFT_VERSION = 5.0;
				TARGETED_DEVICE_FAMILY = "1,2";
				TEST_TARGET_NAME = "Tip Calculator";
			};
			name = Release;
		};
/* End XCBuildConfiguration section */

/* Begin XCConfigurationList section */
		BDAF00A125BE6775001D44C9 /* Build configuration list for PBXProject "Tip Calculator" */ = {
			isa = XCConfigurationList;
			buildConfigurations = (
				BDAF00CE25BE6776001D44C9 /* Debug */,
				BDAF00CF25BE6776001D44C9 /* Release */,
			);
			defaultConfigurationIsVisible = 0;
			defaultConfigurationName = Release;
		};
		BDAF00D025BE6776001D44C9 /* Build configuration list for PBXNativeTarget "Tip Calculator" */ = {
			isa = XCConfigurationList;
			buildConfigurations = (
				BDAF00D125BE6776001D44C9 /* Debug */,
				BDAF00D225BE6776001D44C9 /* Release */,
			);
			defaultConfigurationIsVisible = 0;
			defaultConfigurationName = Release;
		};
		BDAF00D325BE6776001D44C9 /* Build configuration list for PBXNativeTarget "Tip CalculatorTests" */ = {
			isa = XCConfigurationList;
			buildConfigurations = (
				BDAF00D425BE6776001D44C9 /* Debug */,
				BDAF00D525BE6776001D44C9 /* Release */,
			);
			defaultConfigurationIsVisible = 0;
			defaultConfigurationName = Release;
		};
		BDAF00D625BE6776001D44C9 /* Build configuration list for PBXNativeTarget "Tip CalculatorUITests" */ = {
			isa = XCConfigurationList;
			buildConfigurations = (
				BDAF00D725BE6776001D44C9 /* Debug */,
				BDAF00D825BE6776001D44C9 /* Release */,
			);
			defaultConfigurationIsVisible = 0;
			defaultConfigurationName = Release;
		};
/* End XCConfigurationList section */
	};
	rootObject = BDAF009E25BE6775001D44C9 /* Project object */;
}
